<?xml version="1.0" encoding="utf-8"?>
<Project ToolsVersion="4.0" xmlns="http://schemas.microsoft.com/developer/msbuild/2003">
  <ItemGroup>
    <Filter Include="Source Files">
      <UniqueIdentifier>{4FC737F1-C7A5-4376-A066-2A32D752A2FF}</UniqueIdentifier>
      <Extensions>cpp;c;cc;cxx;def;odl;idl;hpj;bat;asm;asmx</Extensions>
    </Filter>
    <Filter Include="Header Files">
      <UniqueIdentifier>{93995380-89BD-4b04-88EB-625FBE52EBFB}</UniqueIdentifier>
      <Extensions>h;hpp;hxx;hm;inl;inc;xsd</Extensions>
    </Filter>
    <Filter Include="Resource Files">
      <UniqueIdentifier>{67DA6AB6-F800-4c08-8B7A-83BB121AAD01}</UniqueIdentifier>
      <Extensions>rc;ico;cur;bmp;dlg;rc2;rct;bin;rgs;gif;jpg;jpeg;jpe;resx;tiff;tif;png;wav</Extensions>
    </Filter>
  </ItemGroup>
  <ItemGroup>
    <ClCompile Include="Alarm.cpp">
      <Filter>Source Files</Filter>
    </ClCompile>
    <ClCompile Include="CoderSet.cpp">
      <Filter>Source Files</Filter>
    </ClCompile>
    <ClCompile Include="Invite.cpp">
      <Filter>Source Files</Filter>
    </ClCompile>
    <ClCompile Include="MySocket.cpp">
      <Filter>Source Files</Filter>
    </ClCompile>
    <ClCompile Include="NetSet.cpp">
      <Filter>Source Files</Filter>
    </ClCompile>
    <ClCompile Include="Player.cpp">
      <Filter>Source Files</Filter>
    </ClCompile>
    <ClCompile Include="PTZ.cpp">
      <Filter>Source Files</Filter>
    </ClCompile>
    <ClCompile Include="SetTestMember.cpp">
      <Filter>Source Files</Filter>
    </ClCompile>
    <ClCompile Include="ShowLog.cpp">
      <Filter>Source Files</Filter>
    </ClCompile>
    <ClCompile Include="SipMsgProcess.cpp">
      <Filter>Source Files</Filter>
    </ClCompile>
    <ClCompile Include="stdafx.cpp">
      <Filter>Source Files</Filter>
    </ClCompile>
    <ClCompile Include="UAS.cpp">
      <Filter>Source Files</Filter>
    </ClCompile>
    <ClCompile Include="UASDlg.cpp">
      <Filter>Source Files</Filter>
    </ClCompile>
    <ClCompile Include="VideoPlay.cpp">
      <Filter>Source Files</Filter>
    </ClCompile>
    <ClCompile Include="VideoQuery.cpp">
      <Filter>Source Files</Filter>
    </ClCompile>
    <ClCompile Include="vlcplay.cpp">
      <Filter>Source Files</Filter>
    </ClCompile>
    <ClCompile Include="CatalogQuery.cpp">
      <Filter>Source Files</Filter>
    </ClCompile>
    <ClCompile Include="DeviceInfQuery.cpp">
      <Filter>Source Files</Filter>
    </ClCompile>
    <ClCompile Include="FlowQuery.cpp">
      <Filter>Source Files</Filter>
    </ClCompile>
    <ClCompile Include="DlgEqualLevel.cpp">
      <Filter>Source Files</Filter>
    </ClCompile>
    <ClCompile Include="md5.c">
      <Filter>Source Files</Filter>
    </ClCompile>
    <ClCompile Include="Common.cpp">
      <Filter>Source Files</Filter>
    </ClCompile>
    <ClCompile Include="PSTVSetTime.cpp">
      <Filter>Source Files</Filter>
    </ClCompile>
    <ClCompile Include="CaptureImage.cpp">
      <Filter>Source Files</Filter>
    </ClCompile>
  </ItemGroup>
  <ItemGroup>
    <ClInclude Include="Alarm.h">
      <Filter>Header Files</Filter>
    </ClInclude>
    <ClInclude Include="CoderSet.h">
      <Filter>Header Files</Filter>
    </ClInclude>
    <ClInclude Include="DXP.h">
      <Filter>Header Files</Filter>
    </ClInclude>
    <ClInclude Include="Invite.h">
      <Filter>Header Files</Filter>
    </ClInclude>
    <ClInclude Include="MySocket.h">
      <Filter>Header Files</Filter>
    </ClInclude>
    <ClInclude Include="NetSet.h">
      <Filter>Header Files</Filter>
    </ClInclude>
    <ClInclude Include="Player.h">
      <Filter>Header Files</Filter>
    </ClInclude>
    <ClInclude Include="PTZ.h">
      <Filter>Header Files</Filter>
    </ClInclude>
    <ClInclude Include="Resource.h">
      <Filter>Header Files</Filter>
    </ClInclude>
    <ClInclude Include="SetTestMember.h">
      <Filter>Header Files</Filter>
    </ClInclude>
    <ClInclude Include="ShowLog.h">
      <Filter>Header Files</Filter>
    </ClInclude>
    <ClInclude Include="SipMsgProcess.h">
      <Filter>Header Files</Filter>
    </ClInclude>
    <ClInclude Include="stdafx.h">
      <Filter>Header Files</Filter>
    </ClInclude>
    <ClInclude Include="targetver.h">
      <Filter>Header Files</Filter>
    </ClInclude>
    <ClInclude Include="UAS.h">
      <Filter>Header Files</Filter>
    </ClInclude>
    <ClInclude Include="UASDlg.h">
      <Filter>Header Files</Filter>
    </ClInclude>
    <ClInclude Include="VideoPlay.h">
      <Filter>Header Files</Filter>
    </ClInclude>
    <ClInclude Include="VideoQuery.h">
      <Filter>Header Files</Filter>
    </ClInclude>
    <ClInclude Include="vlcplay.h">
      <Filter>Header Files</Filter>
    </ClInclude>
    <ClInclude Include="CatalogQuery.h">
      <Filter>Header Files</Filter>
    </ClInclude>
    <ClInclude Include="DeviceInfQuery.h">
      <Filter>Header Files</Filter>
    </ClInclude>
    <ClInclude Include="FlowQuery.h">
      <Filter>Header Files</Filter>
    </ClInclude>
    <ClInclude Include="DlgEqualLevel.h">
      <Filter>Header Files</Filter>
    </ClInclude>
    <ClInclude Include="md5.h">
      <Filter>Header Files</Filter>
    </ClInclude>
    <ClInclude Include="Common.h">
      <Filter>Header Files</Filter>
    </ClInclude>
    <ClInclude Include="PSTVSetTime.h">
      <Filter>Header Files</Filter>
    </ClInclude>
    <ClInclude Include="CaptureImage.h">
      <Filter>Header Files</Filter>
    </ClInclude>
  </ItemGroup>
  <ItemGroup>
    <None Include="res\UAS.ico">
      <Filter>Resource Files</Filter>
    </None>
    <None Include="res\UAS.rc2">
      <Filter>Resource Files</Filter>
    </None>
    <None Include="ReadMe.txt" />
    <None Include="SwjtuLOGO.bmp">
      <Filter>Resource Files</Filter>
    </None>
  </ItemGroup>
  <ItemGroup>
    <ResourceCompile Include="UAS.rc">
      <Filter>Resource Files</Filter>
    </ResourceCompile>
  </ItemGroup>
</Project>